
Microsoft Visual Studio Solution File, Format Version 12.00
# Visual Studio Version 17
VisualStudioVersion = 17.10.35027.167
MinimumVisualStudioVersion = 10.0.40219.1
Project("{FAE04EC0-301F-11D3-BF4B-00C04F79EFBC}") = "ChooseMemeWebServer", "ChooseMemeWebServer.csproj", "{182860E0-29BC-4C8C-A679-3F2E0DA6DD8B}"
EndProject
Global
	GlobalSection(SolutionConfigurationPlatforms) = preSolution
		Debug|Any CPU = Debug|Any CPU
		Release|Any CPU = Release|Any CPU
	EndGlobalSection
	GlobalSection(ProjectConfigurationPlatforms) = postSolution
		{182860E0-29BC-4C8C-A679-3F2E0DA6DD8B}.Debug|Any CPU.ActiveCfg = Debug|Any CPU
		{182860E0-29BC-4C8C-A679-3F2E0DA6DD8B}.Debug|Any CPU.Build.0 = Debug|Any CPU
		{182860E0-29BC-4C8C-A679-3F2E0DA6DD8B}.Release|Any CPU.ActiveCfg = Release|Any CPU
		{182860E0-29BC-4C8C-A679-3F2E0DA6DD8B}.Release|Any CPU.Build.0 = Release|Any CPU
	EndGlobalSection
	GlobalSection(SolutionProperties) = preSolution
		HideSolutionNode = FALSE
	EndGlobalSection
	GlobalSection(ExtensibilityGlobals) = postSolution
		SolutionGuid = {026004AD-7D85-4AFC-8735-0D3D852FE259}
	EndGlobalSection
EndGlobal
